# This file is automatically @generated by Cargo.
# It is not intended for manual editing.
[[package]]
name = "chess-engine"
version = "0.1.0"
source = "git+https://github.com/craigfay/chess-engine#e833ff3da475021e228817517ae6ab3a7af26a00"

[[package]]
name = "rust_code"
version = "0.1.0"
dependencies = [
 "chess-engine",
]
