# This file is automatically @generated by Cargo.
# It is not intended for manual editing.
[[package]]
name = "chess-engine"
version = "0.1.0"
source = "git+https://github.com/craigfay/chess-engine#d89aa50dfcb9900fc0fdc13a8da4dc280894d308"

[[package]]
name = "rust_code"
version = "0.1.0"
dependencies = [
 "chess-engine",
]
